// !$*UTF8*$!
{
	archiveVersion = 1;
	classes = {
	};
	objectVersion = 56;
	objects = {

/* Begin PBXBuildFile section */
		BBD9820A2873D9A200B5E8D2 /* SchwiftyChartsApp.swift in Sources */ = {isa = PBXBuildFile; fileRef = BBD982092873D9A200B5E8D2 /* SchwiftyChartsApp.swift */; };
		BBD9820C2873D9A200B5E8D2 /* ContentView.swift in Sources */ = {isa = PBXBuildFile; fileRef = BBD9820B2873D9A200B5E8D2 /* ContentView.swift */; };
		BBD9820E2873D9A400B5E8D2 /* Assets.xcassets in Resources */ = {isa = PBXBuildFile; fileRef = BBD9820D2873D9A400B5E8D2 /* Assets.xcassets */; };
		BBD982112873D9A400B5E8D2 /* Preview Assets.xcassets in Resources */ = {isa = PBXBuildFile; fileRef = BBD982102873D9A400B5E8D2 /* Preview Assets.xcassets */; };
		BBD9821B2873D9A400B5E8D2 /* SchwiftyChartsTests.swift in Sources */ = {isa = PBXBuildFile; fileRef = BBD9821A2873D9A400B5E8D2 /* SchwiftyChartsTests.swift */; };
		BBD982252873D9A400B5E8D2 /* SchwiftyChartsUITests.swift in Sources */ = {isa = PBXBuildFile; fileRef = BBD982242873D9A400B5E8D2 /* SchwiftyChartsUITests.swift */; };
		BBD982272873D9A400B5E8D2 /* SchwiftyChartsUITestsLaunchTests.swift in Sources */ = {isa = PBXBuildFile; fileRef = BBD982262873D9A400B5E8D2 /* SchwiftyChartsUITestsLaunchTests.swift */; };
/* End PBXBuildFile section */

/* Begin PBXContainerItemProxy section */
		BBD982172873D9A400B5E8D2 /* PBXContainerItemProxy */ = {
			isa = PBXContainerItemProxy;
			containerPortal = BBD981FE2873D9A200B5E8D2 /* Project object */;
			proxyType = 1;
			remoteGlobalIDString = BBD982052873D9A200B5E8D2;
			remoteInfo = SchwiftyCharts;
		};
		BBD982212873D9A400B5E8D2 /* PBXContainerItemProxy */ = {
			isa = PBXContainerItemProxy;
			containerPortal = BBD981FE2873D9A200B5E8D2 /* Project object */;
			proxyType = 1;
			remoteGlobalIDString = BBD982052873D9A200B5E8D2;
			remoteInfo = SchwiftyCharts;
		};
/* End PBXContainerItemProxy section */

/* Begin PBXFileReference section */
		BBD982062873D9A200B5E8D2 /* SchwiftyCharts.app */ = {isa = PBXFileReference; explicitFileType = wrapper.application; includeInIndex = 0; path = SchwiftyCharts.app; sourceTree = BUILT_PRODUCTS_DIR; };
		BBD982092873D9A200B5E8D2 /* SchwiftyChartsApp.swift */ = {isa = PBXFileReference; lastKnownFileType = sourcecode.swift; path = SchwiftyChartsApp.swift; sourceTree = "<group>"; };
		BBD9820B2873D9A200B5E8D2 /* ContentView.swift */ = {isa = PBXFileReference; lastKnownFileType = sourcecode.swift; path = ContentView.swift; sourceTree = "<group>"; };
		BBD9820D2873D9A400B5E8D2 /* Assets.xcassets */ = {isa = PBXFileReference; lastKnownFileType = folder.assetcatalog; path = Assets.xcassets; sourceTree = "<group>"; };
		BBD982102873D9A400B5E8D2 /* Preview Assets.xcassets */ = {isa = PBXFileReference; lastKnownFileType = folder.assetcatalog; path = "Preview Assets.xcassets"; sourceTree = "<group>"; };
		BBD982162873D9A400B5E8D2 /* SchwiftyChartsTests.xctest */ = {isa = PBXFileReference; explicitFileType = wrapper.cfbundle; includeInIndex = 0; path = SchwiftyChartsTests.xctest; sourceTree = BUILT_PRODUCTS_DIR; };
		BBD9821A2873D9A400B5E8D2 /* SchwiftyChartsTests.swift */ = {isa = PBXFileReference; lastKnownFileType = sourcecode.swift; path = SchwiftyChartsTests.swift; sourceTree = "<group>"; };
		BBD982202873D9A400B5E8D2 /* SchwiftyChartsUITests.xctest */ = {isa = PBXFileReference; explicitFileType = wrapper.cfbundle; includeInIndex = 0; path = SchwiftyChartsUITests.xctest; sourceTree = BUILT_PRODUCTS_DIR; };
		BBD982242873D9A400B5E8D2 /* SchwiftyChartsUITests.swift */ = {isa = PBXFileReference; lastKnownFileType = sourcecode.swift; path = SchwiftyChartsUITests.swift; sourceTree = "<group>"; };
		BBD982262873D9A400B5E8D2 /* SchwiftyChartsUITestsLaunchTests.swift */ = {isa = PBXFileReference; lastKnownFileType = sourcecode.swift; path = SchwiftyChartsUITestsLaunchTests.swift; sourceTree = "<group>"; };
/* End PBXFileReference section */

/* Begin PBXFrameworksBuildPhase section */
		BBD982032873D9A200B5E8D2 /* Frameworks */ = {
			isa = PBXFrameworksBuildPhase;
			buildActionMask = 2147483647;
			files = (
			);
			runOnlyForDeploymentPostprocessing = 0;
		};
		BBD982132873D9A400B5E8D2 /* Frameworks */ = {
			isa = PBXFrameworksBuildPhase;
			buildActionMask = 2147483647;
			files = (
			);
			runOnlyForDeploymentPostprocessing = 0;
		};
		BBD9821D2873D9A400B5E8D2 /* Frameworks */ = {
			isa = PBXFrameworksBuildPhase;
			buildActionMask = 2147483647;
			files = (
			);
			runOnlyForDeploymentPostprocessing = 0;
		};
/* End PBXFrameworksBuildPhase section */

/* Begin PBXGroup section */
		BBD981FD2873D9A200B5E8D2 = {
			isa = PBXGroup;
			children = (
				BBD982082873D9A200B5E8D2 /* SchwiftyCharts */,
				BBD982192873D9A400B5E8D2 /* SchwiftyChartsTests */,
				BBD982232873D9A400B5E8D2 /* SchwiftyChartsUITests */,
				BBD982072873D9A200B5E8D2 /* Products */,
			);
			sourceTree = "<group>";
		};
		BBD982072873D9A200B5E8D2 /* Products */ = {
			isa = PBXGroup;
			children = (
				BBD982062873D9A200B5E8D2 /* SchwiftyCharts.app */,
				BBD982162873D9A400B5E8D2 /* SchwiftyChartsTests.xctest */,
				BBD982202873D9A400B5E8D2 /* SchwiftyChartsUITests.xctest */,
			);
			name = Products;
			sourceTree = "<group>";
		};
		BBD982082873D9A200B5E8D2 /* SchwiftyCharts */ = {
			isa = PBXGroup;
			children = (
				BBD982092873D9A200B5E8D2 /* SchwiftyChartsApp.swift */,
				BBD9820B2873D9A200B5E8D2 /* ContentView.swift */,
				BBD9820D2873D9A400B5E8D2 /* Assets.xcassets */,
				BBD9820F2873D9A400B5E8D2 /* Preview Content */,
			);
			path = SchwiftyCharts;
			sourceTree = "<group>";
		};
		BBD9820F2873D9A400B5E8D2 /* Preview Content */ = {
			isa = PBXGroup;
			children = (
				BBD982102873D9A400B5E8D2 /* Preview Assets.xcassets */,
			);
			path = "Preview Content";
			sourceTree = "<group>";
		};
		BBD982192873D9A400B5E8D2 /* SchwiftyChartsTests */ = {
			isa = PBXGroup;
			children = (
				BBD9821A2873D9A400B5E8D2 /* SchwiftyChartsTests.swift */,
			);
			path = SchwiftyChartsTests;
			sourceTree = "<group>";
		};
		BBD982232873D9A400B5E8D2 /* SchwiftyChartsUITests */ = {
			isa = PBXGroup;
			children = (
				BBD982242873D9A400B5E8D2 /* SchwiftyChartsUITests.swift */,
				BBD982262873D9A400B5E8D2 /* SchwiftyChartsUITestsLaunchTests.swift */,
			);
			path = SchwiftyChartsUITests;
			sourceTree = "<group>";
		};
/* End PBXGroup section */

/* Begin PBXNativeTarget section */
		BBD982052873D9A200B5E8D2 /* SchwiftyCharts */ = {
			isa = PBXNativeTarget;
			buildConfigurationList = BBD9822A2873D9A400B5E8D2 /* Build configuration list for PBXNativeTarget "SchwiftyCharts" */;
			buildPhases = (
				BBD982022873D9A200B5E8D2 /* Sources */,
				BBD982032873D9A200B5E8D2 /* Frameworks */,
				BBD982042873D9A200B5E8D2 /* Resources */,
			);
			buildRules = (
			);
			dependencies = (
			);
			name = SchwiftyCharts;
			productName = SchwiftyCharts;
			productReference = BBD982062873D9A200B5E8D2 /* SchwiftyCharts.app */;
			productType = "com.apple.product-type.application";
		};
		BBD982152873D9A400B5E8D2 /* SchwiftyChartsTests */ = {
			isa = PBXNativeTarget;
			buildConfigurationList = BBD9822D2873D9A400B5E8D2 /* Build configuration list for PBXNativeTarget "SchwiftyChartsTests" */;
			buildPhases = (
				BBD982122873D9A400B5E8D2 /* Sources */,
				BBD982132873D9A400B5E8D2 /* Frameworks */,
				BBD982142873D9A400B5E8D2 /* Resources */,
			);
			buildRules = (
			);
			dependencies = (
				BBD982182873D9A400B5E8D2 /* PBXTargetDependency */,
			);
			name = SchwiftyChartsTests;
			productName = SchwiftyChartsTests;
			productReference = BBD982162873D9A400B5E8D2 /* SchwiftyChartsTests.xctest */;
			productType = "com.apple.product-type.bundle.unit-test";
		};
		BBD9821F2873D9A400B5E8D2 /* SchwiftyChartsUITests */ = {
			isa = PBXNativeTarget;
			buildConfigurationList = BBD982302873D9A400B5E8D2 /* Build configuration list for PBXNativeTarget "SchwiftyChartsUITests" */;
			buildPhases = (
				BBD9821C2873D9A400B5E8D2 /* Sources */,
				BBD9821D2873D9A400B5E8D2 /* Frameworks */,
				BBD9821E2873D9A400B5E8D2 /* Resources */,
			);
			buildRules = (
			);
			dependencies = (
				BBD982222873D9A400B5E8D2 /* PBXTargetDependency */,
			);
			name = SchwiftyChartsUITests;
			productName = SchwiftyChartsUITests;
			productReference = BBD982202873D9A400B5E8D2 /* SchwiftyChartsUITests.xctest */;
			productType = "com.apple.product-type.bundle.ui-testing";
		};
/* End PBXNativeTarget section */

/* Begin PBXProject section */
		BBD981FE2873D9A200B5E8D2 /* Project object */ = {
			isa = PBXProject;
			attributes = {
				BuildIndependentTargetsInParallel = 1;
				LastSwiftUpdateCheck = 1400;
				LastUpgradeCheck = 1400;
				TargetAttributes = {
					BBD982052873D9A200B5E8D2 = {
						CreatedOnToolsVersion = 14.0;
					};
					BBD982152873D9A400B5E8D2 = {
						CreatedOnToolsVersion = 14.0;
						TestTargetID = BBD982052873D9A200B5E8D2;
					};
					BBD9821F2873D9A400B5E8D2 = {
						CreatedOnToolsVersion = 14.0;
						TestTargetID = BBD982052873D9A200B5E8D2;
					};
				};
			};
			buildConfigurationList = BBD982012873D9A200B5E8D2 /* Build configuration list for PBXProject "SchwiftyCharts" */;
			compatibilityVersion = "Xcode 14.0";
			developmentRegion = en;
			hasScannedForEncodings = 0;
			knownRegions = (
				en,
				Base,
			);
			mainGroup = BBD981FD2873D9A200B5E8D2;
			productRefGroup = BBD982072873D9A200B5E8D2 /* Products */;
			projectDirPath = "";
			projectRoot = "";
			targets = (
				BBD982052873D9A200B5E8D2 /* SchwiftyCharts */,
				BBD982152873D9A400B5E8D2 /* SchwiftyChartsTests */,
				BBD9821F2873D9A400B5E8D2 /* SchwiftyChartsUITests */,
			);
		};
/* End PBXProject section */

/* Begin PBXResourcesBuildPhase section */
		BBD982042873D9A200B5E8D2 /* Resources */ = {
			isa = PBXResourcesBuildPhase;
			buildActionMask = 2147483647;
			files = (
				BBD982112873D9A400B5E8D2 /* Preview Assets.xcassets in Resources */,
				BBD9820E2873D9A400B5E8D2 /* Assets.xcassets in Resources */,
			);
			runOnlyForDeploymentPostprocessing = 0;
		};
		BBD982142873D9A400B5E8D2 /* Resources */ = {
			isa = PBXResourcesBuildPhase;
			buildActionMask = 2147483647;
			files = (
			);
			runOnlyForDeploymentPostprocessing = 0;
		};
		BBD9821E2873D9A400B5E8D2 /* Resources */ = {
			isa = PBXResourcesBuildPhase;
			buildActionMask = 2147483647;
			files = (
			);
			runOnlyForDeploymentPostprocessing = 0;
		};
/* End PBXResourcesBuildPhase section */

/* Begin PBXSourcesBuildPhase section */
		BBD982022873D9A200B5E8D2 /* Sources */ = {
			isa = PBXSourcesBuildPhase;
			buildActionMask = 2147483647;
			files = (
				BBD9820C2873D9A200B5E8D2 /* ContentView.swift in Sources */,
				BBD9820A2873D9A200B5E8D2 /* SchwiftyChartsApp.swift in Sources */,
			);
			runOnlyForDeploymentPostprocessing = 0;
		};
		BBD982122873D9A400B5E8D2 /* Sources */ = {
			isa = PBXSourcesBuildPhase;
			buildActionMask = 2147483647;
			files = (
				BBD9821B2873D9A400B5E8D2 /* SchwiftyChartsTests.swift in Sources */,
			);
			runOnlyForDeploymentPostprocessing = 0;
		};
		BBD9821C2873D9A400B5E8D2 /* Sources */ = {
			isa = PBXSourcesBuildPhase;
			buildActionMask = 2147483647;
			files = (
				BBD982272873D9A400B5E8D2 /* SchwiftyChartsUITestsLaunchTests.swift in Sources */,
				BBD982252873D9A400B5E8D2 /* SchwiftyChartsUITests.swift in Sources */,
			);
			runOnlyForDeploymentPostprocessing = 0;
		};
/* End PBXSourcesBuildPhase section */

/* Begin PBXTargetDependency section */
		BBD982182873D9A400B5E8D2 /* PBXTargetDependency */ = {
			isa = PBXTargetDependency;
			target = BBD982052873D9A200B5E8D2 /* SchwiftyCharts */;
			targetProxy = BBD982172873D9A400B5E8D2 /* PBXContainerItemProxy */;
		};
		BBD982222873D9A400B5E8D2 /* PBXTargetDependency */ = {
			isa = PBXTargetDependency;
			target = BBD982052873D9A200B5E8D2 /* SchwiftyCharts */;
			targetProxy = BBD982212873D9A400B5E8D2 /* PBXContainerItemProxy */;
		};
/* End PBXTargetDependency section */

/* Begin XCBuildConfiguration section */
		BBD982282873D9A400B5E8D2 /* Debug */ = {
			isa = XCBuildConfiguration;
			buildSettings = {
				ALWAYS_SEARCH_USER_PATHS = NO;
				CLANG_ANALYZER_NONNULL = YES;
				CLANG_ANALYZER_NUMBER_OBJECT_CONVERSION = YES_AGGRESSIVE;
				CLANG_CXX_LANGUAGE_STANDARD = "gnu++17";
				CLANG_ENABLE_MODULES = YES;
				CLANG_ENABLE_OBJC_ARC = YES;
				CLANG_ENABLE_OBJC_WEAK = YES;
				CLANG_WARN_BLOCK_CAPTURE_AUTORELEASING = YES;
				CLANG_WARN_BOOL_CONVERSION = YES;
				CLANG_WARN_COMMA = YES;
				CLANG_WARN_CONSTANT_CONVERSION = YES;
				CLANG_WARN_DEPRECATED_OBJC_IMPLEMENTATIONS = YES;
				CLANG_WARN_DIRECT_OBJC_ISA_USAGE = YES_ERROR;
				CLANG_WARN_DOCUMENTATION_COMMENTS = YES;
				CLANG_WARN_EMPTY_BODY = YES;
				CLANG_WARN_ENUM_CONVERSION = YES;
				CLANG_WARN_INFINITE_RECURSION = YES;
				CLANG_WARN_INT_CONVERSION = YES;
				CLANG_WARN_NON_LITERAL_NULL_CONVERSION = YES;
				CLANG_WARN_OBJC_IMPLICIT_RETAIN_SELF = YES;
				CLANG_WARN_OBJC_LITERAL_CONVERSION = YES;
				CLANG_WARN_OBJC_ROOT_CLASS = YES_ERROR;
				CLANG_WARN_QUOTED_INCLUDE_IN_FRAMEWORK_HEADER = YES;
				CLANG_WARN_RANGE_LOOP_ANALYSIS = YES;
				CLANG_WARN_STRICT_PROTOTYPES = YES;
				CLANG_WARN_SUSPICIOUS_MOVE = YES;
				CLANG_WARN_UNGUARDED_AVAILABILITY = YES_AGGRESSIVE;
				CLANG_WARN_UNREACHABLE_CODE = YES;
				CLANG_WARN__DUPLICATE_METHOD_MATCH = YES;
				COPY_PHASE_STRIP = NO;
				DEBUG_INFORMATION_FORMAT = dwarf;
				ENABLE_STRICT_OBJC_MSGSEND = YES;
				ENABLE_TESTABILITY = YES;
				GCC_C_LANGUAGE_STANDARD = gnu11;
				GCC_DYNAMIC_NO_PIC = NO;
				GCC_NO_COMMON_BLOCKS = YES;
				GCC_OPTIMIZATION_LEVEL = 0;
				GCC_PREPROCESSOR_DEFINITIONS = (
					"DEBUG=1",
					"$(inherited)",
				);
				GCC_WARN_64_TO_32_BIT_CONVERSION = YES;
				GCC_WARN_ABOUT_RETURN_TYPE = YES_ERROR;
				GCC_WARN_UNDECLARED_SELECTOR = YES;
				GCC_WARN_UNINITIALIZED_AUTOS = YES_AGGRESSIVE;
				GCC_WARN_UNUSED_FUNCTION = YES;
				GCC_WARN_UNUSED_VARIABLE = YES;
				IPHONEOS_DEPLOYMENT_TARGET = 16.0;
				MTL_ENABLE_DEBUG_INFO = INCLUDE_SOURCE;
				MTL_FAST_MATH = YES;
				ONLY_ACTIVE_ARCH = YES;
				SDKROOT = iphoneos;
				SWIFT_ACTIVE_COMPILATION_CONDITIONS = DEBUG;
				SWIFT_OPTIMIZATION_LEVEL = "-Onone";
			};
			name = Debug;
		};
		BBD982292873D9A400B5E8D2 /* Release */ = {
			isa = XCBuildConfiguration;
			buildSettings = {
				ALWAYS_SEARCH_USER_PATHS = NO;
				CLANG_ANALYZER_NONNULL = YES;
				CLANG_ANALYZER_NUMBER_OBJECT_CONVERSION = YES_AGGRESSIVE;
				CLANG_CXX_LANGUAGE_STANDARD = "gnu++17";
				CLANG_ENABLE_MODULES = YES;
				CLANG_ENABLE_OBJC_ARC = YES;
				CLANG_ENABLE_OBJC_WEAK = YES;
				CLANG_WARN_BLOCK_CAPTURE_AUTORELEASING = YES;
				CLANG_WARN_BOOL_CONVERSION = YES;
				CLANG_WARN_COMMA = YES;
				CLANG_WARN_CONSTANT_CONVERSION = YES;
				CLANG_WARN_DEPRECATED_OBJC_IMPLEMENTATIONS = YES;
				CLANG_WARN_DIRECT_OBJC_ISA_USAGE = YES_ERROR;
				CLANG_WARN_DOCUMENTATION_COMMENTS = YES;
				CLANG_WARN_EMPTY_BODY = YES;
				CLANG_WARN_ENUM_CONVERSION = YES;
				CLANG_WARN_INFINITE_RECURSION = YES;
				CLANG_WARN_INT_CONVERSION = YES;
				CLANG_WARN_NON_LITERAL_NULL_CONVERSION = YES;
				CLANG_WARN_OBJC_IMPLICIT_RETAIN_SELF = YES;
				CLANG_WARN_OBJC_LITERAL_CONVERSION = YES;
				CLANG_WARN_OBJC_ROOT_CLASS = YES_ERROR;
				CLANG_WARN_QUOTED_INCLUDE_IN_FRAMEWORK_HEADER = YES;
				CLANG_WARN_RANGE_LOOP_ANALYSIS = YES;
				CLANG_WARN_STRICT_PROTOTYPES = YES;
				CLANG_WARN_SUSPICIOUS_MOVE = YES;
				CLANG_WARN_UNGUARDED_AVAILABILITY = YES_AGGRESSIVE;
				CLANG_WARN_UNREACHABLE_CODE = YES;
				CLANG_WARN__DUPLICATE_METHOD_MATCH = YES;
				COPY_PHASE_STRIP = NO;
				DEBUG_INFORMATION_FORMAT = "dwarf-with-dsym";
				ENABLE_NS_ASSERTIONS = NO;
				ENABLE_STRICT_OBJC_MSGSEND = YES;
				GCC_C_LANGUAGE_STANDARD = gnu11;
				GCC_NO_COMMON_BLOCKS = YES;
				GCC_WARN_64_TO_32_BIT_CONVERSION = YES;
				GCC_WARN_ABOUT_RETURN_TYPE = YES_ERROR;
				GCC_WARN_UNDECLARED_SELECTOR = YES;
				GCC_WARN_UNINITIALIZED_AUTOS = YES_AGGRESSIVE;
				GCC_WARN_UNUSED_FUNCTION = YES;
				GCC_WARN_UNUSED_VARIABLE = YES;
				IPHONEOS_DEPLOYMENT_TARGET = 16.0;
				MTL_ENABLE_DEBUG_INFO = NO;
				MTL_FAST_MATH = YES;
				SDKROOT = iphoneos;
				SWIFT_COMPILATION_MODE = wholemodule;
				SWIFT_OPTIMIZATION_LEVEL = "-O";
				VALIDATE_PRODUCT = YES;
			};
			name = Release;
		};
		BBD9822B2873D9A400B5E8D2 /* Debug */ = {
			isa = XCBuildConfiguration;
			buildSettings = {
				ASSETCATALOG_COMPILER_APPICON_NAME = AppIcon;
				ASSETCATALOG_COMPILER_GLOBAL_ACCENT_COLOR_NAME = AccentColor;
				CODE_SIGN_STYLE = Automatic;
				CURRENT_PROJECT_VERSION = 1;
				DEVELOPMENT_ASSET_PATHS = "\"SchwiftyCharts/Preview Content\"";
				ENABLE_PREVIEWS = YES;
				GENERATE_INFOPLIST_FILE = YES;
				INFOPLIST_KEY_UIApplicationSceneManifest_Generation = YES;
				INFOPLIST_KEY_UIApplicationSupportsIndirectInputEvents = YES;
				INFOPLIST_KEY_UILaunchScreen_Generation = YES;
				INFOPLIST_KEY_UISupportedInterfaceOrientations_iPad = "UIInterfaceOrientationPortrait UIInterfaceOrientationPortraitUpsideDown UIInterfaceOrientationLandscapeLeft UIInterfaceOrientationLandscapeRight";
				INFOPLIST_KEY_UISupportedInterfaceOrientations_iPhone = "UIInterfaceOrientationPortrait UIInterfaceOrientationLandscapeLeft UIInterfaceOrientationLandscapeRight";
				LD_RUNPATH_SEARCH_PATHS = (
					"$(inherited)",
					"@executable_path/Frameworks",
				);
				MARKETING_VERSION = 1.0;
				PRODUCT_BUNDLE_IDENTIFIER = com.kerridge.SchwiftyCharts;
				PRODUCT_NAME = "$(TARGET_NAME)";
				SWIFT_EMIT_LOC_STRINGS = YES;
				SWIFT_VERSION = 5.0;
				TARGETED_DEVICE_FAMILY = "1,2";
			};
			name = Debug;
		};
		BBD9822C2873D9A400B5E8D2 /* Release */ = {
			isa = XCBuildConfiguration;
			buildSettings = {
				ASSETCATALOG_COMPILER_APPICON_NAME = AppIcon;
				ASSETCATALOG_COMPILER_GLOBAL_ACCENT_COLOR_NAME = AccentColor;
				CODE_SIGN_STYLE = Automatic;
				CURRENT_PROJECT_VERSION = 1;
				DEVELOPMENT_ASSET_PATHS = "\"SchwiftyCharts/Preview Content\"";
				ENABLE_PREVIEWS = YES;
				GENERATE_INFOPLIST_FILE = YES;
				INFOPLIST_KEY_UIApplicationSceneManifest_Generation = YES;
				INFOPLIST_KEY_UIApplicationSupportsIndirectInputEvents = YES;
				INFOPLIST_KEY_UILaunchScreen_Generation = YES;
				INFOPLIST_KEY_UISupportedInterfaceOrientations_iPad = "UIInterfaceOrientationPortrait UIInterfaceOrientationPortraitUpsideDown UIInterfaceOrientationLandscapeLeft UIInterfaceOrientationLandscapeRight";
				INFOPLIST_KEY_UISupportedInterfaceOrientations_iPhone = "UIInterfaceOrientationPortrait UIInterfaceOrientationLandscapeLeft UIInterfaceOrientationLandscapeRight";
				LD_RUNPATH_SEARCH_PATHS = (
					"$(inherited)",
					"@executable_path/Frameworks",
				);
				MARKETING_VERSION = 1.0;
				PRODUCT_BUNDLE_IDENTIFIER = com.kerridge.SchwiftyCharts;
				PRODUCT_NAME = "$(TARGET_NAME)";
				SWIFT_EMIT_LOC_STRINGS = YES;
				SWIFT_VERSION = 5.0;
				TARGETED_DEVICE_FAMILY = "1,2";
			};
			name = Release;
		};
		BBD9822E2873D9A400B5E8D2 /* Debug */ = {
			isa = XCBuildConfiguration;
			buildSettings = {
				ALWAYS_EMBED_SWIFT_STANDARD_LIBRARIES = YES;
				BUNDLE_LOADER = "$(TEST_HOST)";
				CODE_SIGN_STYLE = Automatic;
				CURRENT_PROJECT_VERSION = 1;
				GENERATE_INFOPLIST_FILE = YES;
				IPHONEOS_DEPLOYMENT_TARGET = 16.0;
				MARKETING_VERSION = 1.0;
				PRODUCT_BUNDLE_IDENTIFIER = com.kerridge.SchwiftyChartsTests;
				PRODUCT_NAME = "$(TARGET_NAME)";
				SWIFT_EMIT_LOC_STRINGS = NO;
				SWIFT_VERSION = 5.0;
				TARGETED_DEVICE_FAMILY = "1,2";
				TEST_HOST = "$(BUILT_PRODUCTS_DIR)/SchwiftyCharts.app/$(BUNDLE_EXECUTABLE_FOLDER_PATH)/SchwiftyCharts";
			};
			name = Debug;
		};
		BBD9822F2873D9A400B5E8D2 /* Release */ = {
			isa = XCBuildConfiguration;
			buildSettings = {
				ALWAYS_EMBED_SWIFT_STANDARD_LIBRARIES = YES;
				BUNDLE_LOADER = "$(TEST_HOST)";
				CODE_SIGN_STYLE = Automatic;
				CURRENT_PROJECT_VERSION = 1;
				GENERATE_INFOPLIST_FILE = YES;
				IPHONEOS_DEPLOYMENT_TARGET = 16.0;
				MARKETING_VERSION = 1.0;
				PRODUCT_BUNDLE_IDENTIFIER = com.kerridge.SchwiftyChartsTests;
				PRODUCT_NAME = "$(TARGET_NAME)";
				SWIFT_EMIT_LOC_STRINGS = NO;
				SWIFT_VERSION = 5.0;
				TARGETED_DEVICE_FAMILY = "1,2";
				TEST_HOST = "$(BUILT_PRODUCTS_DIR)/SchwiftyCharts.app/$(BUNDLE_EXECUTABLE_FOLDER_PATH)/SchwiftyCharts";
			};
			name = Release;
		};
		BBD982312873D9A400B5E8D2 /* Debug */ = {
			isa = XCBuildConfiguration;
			buildSettings = {
				ALWAYS_EMBED_SWIFT_STANDARD_LIBRARIES = YES;
				CODE_SIGN_STYLE = Automatic;
				CURRENT_PROJECT_VERSION = 1;
				GENERATE_INFOPLIST_FILE = YES;
				MARKETING_VERSION = 1.0;
				PRODUCT_BUNDLE_IDENTIFIER = com.kerridge.SchwiftyChartsUITests;
				PRODUCT_NAME = "$(TARGET_NAME)";
				SWIFT_EMIT_LOC_STRINGS = NO;
				SWIFT_VERSION = 5.0;
				TARGETED_DEVICE_FAMILY = "1,2";
				TEST_TARGET_NAME = SchwiftyCharts;
			};
			name = Debug;
		};
		BBD982322873D9A400B5E8D2 /* Release */ = {
			isa = XCBuildConfiguration;
			buildSettings = {
				ALWAYS_EMBED_SWIFT_STANDARD_LIBRARIES = YES;
				CODE_SIGN_STYLE = Automatic;
				CURRENT_PROJECT_VERSION = 1;
				GENERATE_INFOPLIST_FILE = YES;
				MARKETING_VERSION = 1.0;
				PRODUCT_BUNDLE_IDENTIFIER = com.kerridge.SchwiftyChartsUITests;
				PRODUCT_NAME = "$(TARGET_NAME)";
				SWIFT_EMIT_LOC_STRINGS = NO;
				SWIFT_VERSION = 5.0;
				TARGETED_DEVICE_FAMILY = "1,2";
				TEST_TARGET_NAME = SchwiftyCharts;
			};
			name = Release;
		};
/* End XCBuildConfiguration section */

/* Begin XCConfigurationList section */
		BBD982012873D9A200B5E8D2 /* Build configuration list for PBXProject "SchwiftyCharts" */ = {
			isa = XCConfigurationList;
			buildConfigurations = (
				BBD982282873D9A400B5E8D2 /* Debug */,
				BBD982292873D9A400B5E8D2 /* Release */,
			);
			defaultConfigurationIsVisible = 0;
			defaultConfigurationName = Release;
		};
		BBD9822A2873D9A400B5E8D2 /* Build configuration list for PBXNativeTarget "SchwiftyCharts" */ = {
			isa = XCConfigurationList;
			buildConfigurations = (
				BBD9822B2873D9A400B5E8D2 /* Debug */,
				BBD9822C2873D9A400B5E8D2 /* Release */,
			);
			defaultConfigurationIsVisible = 0;
			defaultConfigurationName = Release;
		};
		BBD9822D2873D9A400B5E8D2 /* Build configuration list for PBXNativeTarget "SchwiftyChartsTests" */ = {
			isa = XCConfigurationList;
			buildConfigurations = (
				BBD9822E2873D9A400B5E8D2 /* Debug */,
				BBD9822F2873D9A400B5E8D2 /* Release */,
			);
			defaultConfigurationIsVisible = 0;
			defaultConfigurationName = Release;
		};
		BBD982302873D9A400B5E8D2 /* Build configuration list for PBXNativeTarget "SchwiftyChartsUITests" */ = {
			isa = XCConfigurationList;
			buildConfigurations = (
				BBD982312873D9A400B5E8D2 /* Debug */,
				BBD982322873D9A400B5E8D2 /* Release */,
			);
			defaultConfigurationIsVisible = 0;
			defaultConfigurationName = Release;
		};
/* End XCConfigurationList section */
	};
	rootObject = BBD981FE2873D9A200B5E8D2 /* Project object */;
}
